
Microsoft Visual Studio Solution File, Format Version 12.00
# Visual Studio Version 17
VisualStudioVersion = 17.4.33205.214
MinimumVisualStudioVersion = 10.0.40219.1
Project("{FAE04EC0-301F-11D3-BF4B-00C04F79EFBC}") = "Core.Scripts", "BancaDigitalSelenium\Core.Scripts.csproj", "{5C772EE8-0D63-449D-93A7-7C1938FE798B}"
EndProject
Project("{FAE04EC0-301F-11D3-BF4B-00C04F79EFBC}") = "Core.LogicaScripts", "Core.LogicaScripts\Core.LogicaScripts.csproj", "{AB2DC2BC-0AF4-41B6-9632-E61DA03944E1}"
EndProject
Project("{FAE04EC0-301F-11D3-BF4B-00C04F79EFBC}") = "Core.Models", "Core.Models\Core.Models.csproj", "{7BBE3180-2A6D-4541-A524-EFDCB5894FC2}"
EndProject
Project("{FAE04EC0-301F-11D3-BF4B-00C04F79EFBC}") = "Core.Helpers", "Core.Helpers\Core.Helpers.csproj", "{1DA42430-9E7B-44DC-99D6-08F1C6ED1714}"
EndProject
Project("{9A19103F-16F7-4668-BE54-9A1E7A4F7556}") = "Core.Forms", "Core.Forms\Core.Forms.csproj", "{6A6BED1E-06D7-4800-A32D-8A393CF56CDC}"
EndProject
Global
	GlobalSection(SolutionConfigurationPlatforms) = preSolution
		Debug|Any CPU = Debug|Any CPU
		Release|Any CPU = Release|Any CPU
	EndGlobalSection
	GlobalSection(ProjectConfigurationPlatforms) = postSolution
		{5C772EE8-0D63-449D-93A7-7C1938FE798B}.Debug|Any CPU.ActiveCfg = Debug|Any CPU
		{5C772EE8-0D63-449D-93A7-7C1938FE798B}.Debug|Any CPU.Build.0 = Debug|Any CPU
		{5C772EE8-0D63-449D-93A7-7C1938FE798B}.Release|Any CPU.ActiveCfg = Release|Any CPU
		{5C772EE8-0D63-449D-93A7-7C1938FE798B}.Release|Any CPU.Build.0 = Release|Any CPU
		{AB2DC2BC-0AF4-41B6-9632-E61DA03944E1}.Debug|Any CPU.ActiveCfg = Debug|Any CPU
		{AB2DC2BC-0AF4-41B6-9632-E61DA03944E1}.Debug|Any CPU.Build.0 = Debug|Any CPU
		{AB2DC2BC-0AF4-41B6-9632-E61DA03944E1}.Release|Any CPU.ActiveCfg = Release|Any CPU
		{AB2DC2BC-0AF4-41B6-9632-E61DA03944E1}.Release|Any CPU.Build.0 = Release|Any CPU
		{7BBE3180-2A6D-4541-A524-EFDCB5894FC2}.Debug|Any CPU.ActiveCfg = Debug|Any CPU
		{7BBE3180-2A6D-4541-A524-EFDCB5894FC2}.Debug|Any CPU.Build.0 = Debug|Any CPU
		{7BBE3180-2A6D-4541-A524-EFDCB5894FC2}.Release|Any CPU.ActiveCfg = Release|Any CPU
		{7BBE3180-2A6D-4541-A524-EFDCB5894FC2}.Release|Any CPU.Build.0 = Release|Any CPU
		{1DA42430-9E7B-44DC-99D6-08F1C6ED1714}.Debug|Any CPU.ActiveCfg = Debug|Any CPU
		{1DA42430-9E7B-44DC-99D6-08F1C6ED1714}.Debug|Any CPU.Build.0 = Debug|Any CPU
		{1DA42430-9E7B-44DC-99D6-08F1C6ED1714}.Release|Any CPU.ActiveCfg = Release|Any CPU
		{1DA42430-9E7B-44DC-99D6-08F1C6ED1714}.Release|Any CPU.Build.0 = Release|Any CPU
		{6A6BED1E-06D7-4800-A32D-8A393CF56CDC}.Debug|Any CPU.ActiveCfg = Debug|Any CPU
		{6A6BED1E-06D7-4800-A32D-8A393CF56CDC}.Debug|Any CPU.Build.0 = Debug|Any CPU
		{6A6BED1E-06D7-4800-A32D-8A393CF56CDC}.Release|Any CPU.ActiveCfg = Release|Any CPU
		{6A6BED1E-06D7-4800-A32D-8A393CF56CDC}.Release|Any CPU.Build.0 = Release|Any CPU
	EndGlobalSection
	GlobalSection(SolutionProperties) = preSolution
		HideSolutionNode = FALSE
	EndGlobalSection
	GlobalSection(ExtensibilityGlobals) = postSolution
		SolutionGuid = {3050D2F8-A4D3-45ED-8873-42793E923E00}
	EndGlobalSection
EndGlobal
